
Microsoft Visual Studio Solution File, Format Version 12.00
# Visual Studio Version 17
VisualStudioVersion = 17.7.34221.43
MinimumVisualStudioVersion = 10.0.40219.1
Project("{9A19103F-16F7-4668-BE54-9A1E7A4F7556}") = "BopuchoDotNetCore.ConsoleApp", "BopuchoDotNetCore.ConsoleApp\BopuchoDotNetCore.ConsoleApp.csproj", "{C757D5C5-AC2C-4830-8026-A7292F838846}"
EndProject
Project("{2150E333-8FDC-42A3-9474-1A3956D46DE8}") = "Document", "Document", "{1FA282EE-6157-4668-98DE-CFDD0FB385C7}"
EndProject
Global
	GlobalSection(SolutionConfigurationPlatforms) = preSolution
		Debug|Any CPU = Debug|Any CPU
		Release|Any CPU = Release|Any CPU
	EndGlobalSection
	GlobalSection(ProjectConfigurationPlatforms) = postSolution
		{C757D5C5-AC2C-4830-8026-A7292F838846}.Debug|Any CPU.ActiveCfg = Debug|Any CPU
		{C757D5C5-AC2C-4830-8026-A7292F838846}.Debug|Any CPU.Build.0 = Debug|Any CPU
		{C757D5C5-AC2C-4830-8026-A7292F838846}.Release|Any CPU.ActiveCfg = Release|Any CPU
		{C757D5C5-AC2C-4830-8026-A7292F838846}.Release|Any CPU.Build.0 = Release|Any CPU
	EndGlobalSection
	GlobalSection(SolutionProperties) = preSolution
		HideSolutionNode = FALSE
	EndGlobalSection
	GlobalSection(ExtensibilityGlobals) = postSolution
		SolutionGuid = {1C4DBB77-9C4D-4D2C-9AA5-A092E4D23370}
	EndGlobalSection
EndGlobal
